
Microsoft Visual Studio Solution File, Format Version 12.00
# Visual Studio Version 16
VisualStudioVersion = 16.0.31410.357
MinimumVisualStudioVersion = 10.0.40219.1
Project("{FAE04EC0-301F-11D3-BF4B-00C04F79EFBC}") = "RestaurantMenu", "RestaurantMenu.csproj", "{7504DC2C-91F7-4785-9F03-869F0CD0D433}"
EndProject
Global
	GlobalSection(SolutionConfigurationPlatforms) = preSolution
		Debug|Any CPU = Debug|Any CPU
		Release|Any CPU = Release|Any CPU
	EndGlobalSection
	GlobalSection(ProjectConfigurationPlatforms) = postSolution
		{7504DC2C-91F7-4785-9F03-869F0CD0D433}.Debug|Any CPU.ActiveCfg = Debug|Any CPU
		{7504DC2C-91F7-4785-9F03-869F0CD0D433}.Debug|Any CPU.Build.0 = Debug|Any CPU
		{7504DC2C-91F7-4785-9F03-869F0CD0D433}.Release|Any CPU.ActiveCfg = Release|Any CPU
		{7504DC2C-91F7-4785-9F03-869F0CD0D433}.Release|Any CPU.Build.0 = Release|Any CPU
	EndGlobalSection
	GlobalSection(SolutionProperties) = preSolution
		HideSolutionNode = FALSE
	EndGlobalSection
	GlobalSection(ExtensibilityGlobals) = postSolution
		SolutionGuid = {32D2929A-A007-42C1-8BEF-3E2393E79865}
	EndGlobalSection
EndGlobal
